// !$*UTF8*$!
{
	archiveVersion = 1;
	classes = {
	};
	objectVersion = 77;
	objects = {

/* Begin PBXBuildFile section */
		110044D02D0C7FAD007A3716 /* CountryDetailCollectionCell.swift in Sources */ = {isa = PBXBuildFile; fileRef = 110044CF2D0C7FAD007A3716 /* CountryDetailCollectionCell.swift */; };
		119EB7CD2D044E63007833E2 /* SDWebImage in Frameworks */ = {isa = PBXBuildFile; productRef = 119EB7CC2D044E63007833E2 /* SDWebImage */; };
		119EB7D22D045061007833E2 /* SDWebImage in Frameworks */ = {isa = PBXBuildFile; productRef = 119EB7D12D045061007833E2 /* SDWebImage */; };
		119EB8BD2D045B6C007833E2 /* AppDelegate.swift in Sources */ = {isa = PBXBuildFile; fileRef = 119EB8972D045B6C007833E2 /* AppDelegate.swift */; };
		119EB8BE2D045B6C007833E2 /* SceneDelegate.swift in Sources */ = {isa = PBXBuildFile; fileRef = 119EB8982D045B6C007833E2 /* SceneDelegate.swift */; };
		119EB8BF2D045B6C007833E2 /* Extension.swift in Sources */ = {isa = PBXBuildFile; fileRef = 119EB89A2D045B6C007833E2 /* Extension.swift */; };
		119EB8C02D045B6C007833E2 /* LayoutExtensions.swift in Sources */ = {isa = PBXBuildFile; fileRef = 119EB89B2D045B6C007833E2 /* LayoutExtensions.swift */; };
		119EB8C12D045B6C007833E2 /* AllCountryAPIService.swift in Sources */ = {isa = PBXBuildFile; fileRef = 119EB89D2D045B6C007833E2 /* AllCountryAPIService.swift */; };
		119EB8C22D045B6C007833E2 /* AllCountryHelper.swift in Sources */ = {isa = PBXBuildFile; fileRef = 119EB89E2D045B6C007833E2 /* AllCountryHelper.swift */; };
		119EB8C32D045B6C007833E2 /* CoreAPIHelper.swift in Sources */ = {isa = PBXBuildFile; fileRef = 119EB8A02D045B6C007833E2 /* CoreAPIHelper.swift */; };
		119EB8C42D045B6C007833E2 /* CoreAPIManager.swift in Sources */ = {isa = PBXBuildFile; fileRef = 119EB8A12D045B6C007833E2 /* CoreAPIManager.swift */; };
		119EB8C52D045B6C007833E2 /* CoreErrorModel.swift in Sources */ = {isa = PBXBuildFile; fileRef = 119EB8A22D045B6C007833E2 /* CoreErrorModel.swift */; };
		119EB8C62D045B6C007833E2 /* ReusableButton.swift in Sources */ = {isa = PBXBuildFile; fileRef = 119EB8A62D045B6C007833E2 /* ReusableButton.swift */; };
		119EB8C72D045B6C007833E2 /* ReusableLabel.swift in Sources */ = {isa = PBXBuildFile; fileRef = 119EB8A72D045B6C007833E2 /* ReusableLabel.swift */; };
		119EB8C82D045B6C007833E2 /* ReusableTextField.swift in Sources */ = {isa = PBXBuildFile; fileRef = 119EB8A82D045B6C007833E2 /* ReusableTextField.swift */; };
		119EB8C92D045B6C007833E2 /* BaseViewController.swift in Sources */ = {isa = PBXBuildFile; fileRef = 119EB8AB2D045B6C007833E2 /* BaseViewController.swift */; };
		119EB8CA2D045B6C007833E2 /* CountryDTO.swift in Sources */ = {isa = PBXBuildFile; fileRef = 119EB8AD2D045B6C007833E2 /* CountryDTO.swift */; };
		119EB8CB2D045B6C007833E2 /* CountryController.swift in Sources */ = {isa = PBXBuildFile; fileRef = 119EB8AF2D045B6C007833E2 /* CountryController.swift */; };
		119EB8CC2D045B6C007833E2 /* CountryViewModel.swift in Sources */ = {isa = PBXBuildFile; fileRef = 119EB8B02D045B6C007833E2 /* CountryViewModel.swift */; };
		119EB8CD2D045B6C007833E2 /* CountryTableViewCell.swift in Sources */ = {isa = PBXBuildFile; fileRef = 119EB8B22D045B6C007833E2 /* CountryTableViewCell.swift */; };
		119EB8CE2D045B6C007833E2 /* MainTabBarController.swift in Sources */ = {isa = PBXBuildFile; fileRef = 119EB8B62D045B6C007833E2 /* MainTabBarController.swift */; };
		119EB8CF2D045B6C007833E2 /* Assets.xcassets in Resources */ = {isa = PBXBuildFile; fileRef = 119EB8B92D045B6C007833E2 /* Assets.xcassets */; };
		11DC1B2D2D07654800D6402E /* TitleImageProtocol.swift in Sources */ = {isa = PBXBuildFile; fileRef = 11DC1B2C2D07654800D6402E /* TitleImageProtocol.swift */; };
		11E1D16B2D0B223A00E16816 /* CountryDetailViewModel.swift in Sources */ = {isa = PBXBuildFile; fileRef = 11E1D16A2D0B223A00E16816 /* CountryDetailViewModel.swift */; };
		11E1D16D2D0B225200E16816 /* CountryDetailViewController.swift in Sources */ = {isa = PBXBuildFile; fileRef = 11E1D16C2D0B225200E16816 /* CountryDetailViewController.swift */; };
		11E1D1712D0B6F6E00E16816 /* CountryDetailProtocol.swift in Sources */ = {isa = PBXBuildFile; fileRef = 11E1D1702D0B6F6E00E16816 /* CountryDetailProtocol.swift */; };
/* End PBXBuildFile section */

/* Begin PBXFileReference section */
		110044CF2D0C7FAD007A3716 /* CountryDetailCollectionCell.swift */ = {isa = PBXFileReference; lastKnownFileType = sourcecode.swift; path = CountryDetailCollectionCell.swift; sourceTree = "<group>"; };
		119EB7932D044D84007833E2 /* CountryAppNetwork.app */ = {isa = PBXFileReference; explicitFileType = wrapper.application; includeInIndex = 0; path = CountryAppNetwork.app; sourceTree = BUILT_PRODUCTS_DIR; };
		119EB8972D045B6C007833E2 /* AppDelegate.swift */ = {isa = PBXFileReference; lastKnownFileType = sourcecode.swift; path = AppDelegate.swift; sourceTree = "<group>"; };
		119EB8982D045B6C007833E2 /* SceneDelegate.swift */ = {isa = PBXFileReference; lastKnownFileType = sourcecode.swift; path = SceneDelegate.swift; sourceTree = "<group>"; };
		119EB89A2D045B6C007833E2 /* Extension.swift */ = {isa = PBXFileReference; lastKnownFileType = sourcecode.swift; path = Extension.swift; sourceTree = "<group>"; };
		119EB89B2D045B6C007833E2 /* LayoutExtensions.swift */ = {isa = PBXFileReference; lastKnownFileType = sourcecode.swift; path = LayoutExtensions.swift; sourceTree = "<group>"; };
		119EB89D2D045B6C007833E2 /* AllCountryAPIService.swift */ = {isa = PBXFileReference; lastKnownFileType = sourcecode.swift; path = AllCountryAPIService.swift; sourceTree = "<group>"; };
		119EB89E2D045B6C007833E2 /* AllCountryHelper.swift */ = {isa = PBXFileReference; lastKnownFileType = sourcecode.swift; path = AllCountryHelper.swift; sourceTree = "<group>"; };
		119EB8A02D045B6C007833E2 /* CoreAPIHelper.swift */ = {isa = PBXFileReference; lastKnownFileType = sourcecode.swift; path = CoreAPIHelper.swift; sourceTree = "<group>"; };
		119EB8A12D045B6C007833E2 /* CoreAPIManager.swift */ = {isa = PBXFileReference; lastKnownFileType = sourcecode.swift; path = CoreAPIManager.swift; sourceTree = "<group>"; };
		119EB8A22D045B6C007833E2 /* CoreErrorModel.swift */ = {isa = PBXFileReference; lastKnownFileType = sourcecode.swift; path = CoreErrorModel.swift; sourceTree = "<group>"; };
		119EB8A62D045B6C007833E2 /* ReusableButton.swift */ = {isa = PBXFileReference; lastKnownFileType = sourcecode.swift; path = ReusableButton.swift; sourceTree = "<group>"; };
		119EB8A72D045B6C007833E2 /* ReusableLabel.swift */ = {isa = PBXFileReference; lastKnownFileType = sourcecode.swift; path = ReusableLabel.swift; sourceTree = "<group>"; };
		119EB8A82D045B6C007833E2 /* ReusableTextField.swift */ = {isa = PBXFileReference; lastKnownFileType = sourcecode.swift; path = ReusableTextField.swift; sourceTree = "<group>"; };
		119EB8AB2D045B6C007833E2 /* BaseViewController.swift */ = {isa = PBXFileReference; lastKnownFileType = sourcecode.swift; path = BaseViewController.swift; sourceTree = "<group>"; };
		119EB8AD2D045B6C007833E2 /* CountryDTO.swift */ = {isa = PBXFileReference; lastKnownFileType = sourcecode.swift; path = CountryDTO.swift; sourceTree = "<group>"; };
		119EB8AF2D045B6C007833E2 /* CountryController.swift */ = {isa = PBXFileReference; lastKnownFileType = sourcecode.swift; path = CountryController.swift; sourceTree = "<group>"; };
		119EB8B02D045B6C007833E2 /* CountryViewModel.swift */ = {isa = PBXFileReference; lastKnownFileType = sourcecode.swift; path = CountryViewModel.swift; sourceTree = "<group>"; };
		119EB8B22D045B6C007833E2 /* CountryTableViewCell.swift */ = {isa = PBXFileReference; lastKnownFileType = sourcecode.swift; path = CountryTableViewCell.swift; sourceTree = "<group>"; };
		119EB8B62D045B6C007833E2 /* MainTabBarController.swift */ = {isa = PBXFileReference; lastKnownFileType = sourcecode.swift; path = MainTabBarController.swift; sourceTree = "<group>"; };
		119EB8B92D045B6C007833E2 /* Assets.xcassets */ = {isa = PBXFileReference; lastKnownFileType = folder.assetcatalog; path = Assets.xcassets; sourceTree = "<group>"; };
		119EB8BB2D045B6C007833E2 /* Info.plist */ = {isa = PBXFileReference; lastKnownFileType = text.plist.xml; path = Info.plist; sourceTree = "<group>"; };
		11DC1B2C2D07654800D6402E /* TitleImageProtocol.swift */ = {isa = PBXFileReference; lastKnownFileType = sourcecode.swift; path = TitleImageProtocol.swift; sourceTree = "<group>"; };
		11E1D16A2D0B223A00E16816 /* CountryDetailViewModel.swift */ = {isa = PBXFileReference; lastKnownFileType = sourcecode.swift; path = CountryDetailViewModel.swift; sourceTree = "<group>"; };
		11E1D16C2D0B225200E16816 /* CountryDetailViewController.swift */ = {isa = PBXFileReference; lastKnownFileType = sourcecode.swift; path = CountryDetailViewController.swift; sourceTree = "<group>"; };
		11E1D1702D0B6F6E00E16816 /* CountryDetailProtocol.swift */ = {isa = PBXFileReference; lastKnownFileType = sourcecode.swift; path = CountryDetailProtocol.swift; sourceTree = "<group>"; };
/* End PBXFileReference section */

/* Begin PBXFrameworksBuildPhase section */
		119EB7902D044D84007833E2 /* Frameworks */ = {
			isa = PBXFrameworksBuildPhase;
			buildActionMask = 2147483647;
			files = (
				119EB7D22D045061007833E2 /* SDWebImage in Frameworks */,
				119EB7CD2D044E63007833E2 /* SDWebImage in Frameworks */,
			);
			runOnlyForDeploymentPostprocessing = 0;
		};
/* End PBXFrameworksBuildPhase section */

/* Begin PBXGroup section */
		119EB78A2D044D84007833E2 = {
			isa = PBXGroup;
			children = (
				119EB8BC2D045B6C007833E2 /* CountryAppNetwork */,
				119EB7942D044D84007833E2 /* Products */,
			);
			sourceTree = "<group>";
		};
		119EB7942D044D84007833E2 /* Products */ = {
			isa = PBXGroup;
			children = (
				119EB7932D044D84007833E2 /* CountryAppNetwork.app */,
			);
			name = Products;
			sourceTree = "<group>";
		};
		119EB8992D045B6C007833E2 /* App */ = {
			isa = PBXGroup;
			children = (
				119EB8972D045B6C007833E2 /* AppDelegate.swift */,
				119EB8982D045B6C007833E2 /* SceneDelegate.swift */,
			);
			path = App;
			sourceTree = "<group>";
		};
		119EB89C2D045B6C007833E2 /* Extensions */ = {
			isa = PBXGroup;
			children = (
				119EB89A2D045B6C007833E2 /* Extension.swift */,
				119EB89B2D045B6C007833E2 /* LayoutExtensions.swift */,
			);
			path = Extensions;
			sourceTree = "<group>";
		};
		119EB89F2D045B6C007833E2 /* AllCountry */ = {
			isa = PBXGroup;
			children = (
				119EB89D2D045B6C007833E2 /* AllCountryAPIService.swift */,
				119EB89E2D045B6C007833E2 /* AllCountryHelper.swift */,
			);
			path = AllCountry;
			sourceTree = "<group>";
		};
		119EB8A32D045B6C007833E2 /* Core */ = {
			isa = PBXGroup;
			children = (
				119EB8A02D045B6C007833E2 /* CoreAPIHelper.swift */,
				119EB8A12D045B6C007833E2 /* CoreAPIManager.swift */,
				119EB8A22D045B6C007833E2 /* CoreErrorModel.swift */,
			);
			path = Core;
			sourceTree = "<group>";
		};
		119EB8A42D045B6C007833E2 /* NetworkLayer */ = {
			isa = PBXGroup;
			children = (
				119EB89F2D045B6C007833E2 /* AllCountry */,
				119EB8A32D045B6C007833E2 /* Core */,
			);
			path = NetworkLayer;
			sourceTree = "<group>";
		};
		119EB8A52D045B6C007833E2 /* Cells */ = {
			isa = PBXGroup;
			children = (
			);
			path = Cells;
			sourceTree = "<group>";
		};
		119EB8A92D045B6C007833E2 /* Views */ = {
			isa = PBXGroup;
			children = (
				119EB8A62D045B6C007833E2 /* ReusableButton.swift */,
				119EB8A72D045B6C007833E2 /* ReusableLabel.swift */,
				119EB8A82D045B6C007833E2 /* ReusableTextField.swift */,
			);
			path = Views;
			sourceTree = "<group>";
		};
		119EB8AA2D045B6C007833E2 /* ReusableViews */ = {
			isa = PBXGroup;
			children = (
				119EB8A52D045B6C007833E2 /* Cells */,
				119EB8A92D045B6C007833E2 /* Views */,
			);
			path = ReusableViews;
			sourceTree = "<group>";
		};
		119EB8AC2D045B6C007833E2 /* Core */ = {
			isa = PBXGroup;
			children = (
				119EB8AA2D045B6C007833E2 /* ReusableViews */,
				119EB8AB2D045B6C007833E2 /* BaseViewController.swift */,
			);
			path = Core;
			sourceTree = "<group>";
		};
		119EB8AE2D045B6C007833E2 /* Models */ = {
			isa = PBXGroup;
			children = (
				119EB8AD2D045B6C007833E2 /* CountryDTO.swift */,
				11DC1B2C2D07654800D6402E /* TitleImageProtocol.swift */,
			);
			path = Models;
			sourceTree = "<group>";
		};
		119EB8B12D045B6C007833E2 /* ViewModels */ = {
			isa = PBXGroup;
			children = (
				119EB8AF2D045B6C007833E2 /* CountryController.swift */,
				119EB8B02D045B6C007833E2 /* CountryViewModel.swift */,
			);
			path = ViewModels;
			sourceTree = "<group>";
		};
		119EB8B32D045B6C007833E2 /* Cells */ = {
			isa = PBXGroup;
			children = (
				119EB8B22D045B6C007833E2 /* CountryTableViewCell.swift */,
			);
			path = Cells;
			sourceTree = "<group>";
		};
		119EB8B42D045B6C007833E2 /* Views */ = {
			isa = PBXGroup;
			children = (
				119EB8B32D045B6C007833E2 /* Cells */,
			);
			path = Views;
			sourceTree = "<group>";
		};
		119EB8B52D045B6C007833E2 /* CountryController */ = {
			isa = PBXGroup;
			children = (
				119EB8AE2D045B6C007833E2 /* Models */,
				119EB8B12D045B6C007833E2 /* ViewModels */,
				119EB8B42D045B6C007833E2 /* Views */,
			);
			path = CountryController;
			sourceTree = "<group>";
		};
		119EB8B72D045B6C007833E2 /* Main */ = {
			isa = PBXGroup;
			children = (
				11E1D1692D0B222600E16816 /* CountryDetailController */,
				119EB8B52D045B6C007833E2 /* CountryController */,
				119EB8B62D045B6C007833E2 /* MainTabBarController.swift */,
			);
			path = Main;
			sourceTree = "<group>";
		};
		119EB8B82D045B6C007833E2 /* Presentation */ = {
			isa = PBXGroup;
			children = (
				119EB8AC2D045B6C007833E2 /* Core */,
				119EB8B72D045B6C007833E2 /* Main */,
			);
			path = Presentation;
			sourceTree = "<group>";
		};
		119EB8BA2D045B6C007833E2 /* Resources */ = {
			isa = PBXGroup;
			children = (
				119EB8B92D045B6C007833E2 /* Assets.xcassets */,
			);
			path = Resources;
			sourceTree = "<group>";
		};
		119EB8BC2D045B6C007833E2 /* CountryAppNetwork */ = {
			isa = PBXGroup;
			children = (
				119EB8992D045B6C007833E2 /* App */,
				119EB8A42D045B6C007833E2 /* NetworkLayer */,
				119EB8B82D045B6C007833E2 /* Presentation */,
				119EB89C2D045B6C007833E2 /* Extensions */,
				119EB8BA2D045B6C007833E2 /* Resources */,
				119EB8BB2D045B6C007833E2 /* Info.plist */,
			);
			path = CountryAppNetwork;
			sourceTree = "<group>";
		};
		11E1D1672D0B222600E16816 /* ViewModels */ = {
			isa = PBXGroup;
			children = (
				11E1D16A2D0B223A00E16816 /* CountryDetailViewModel.swift */,
				11E1D16C2D0B225200E16816 /* CountryDetailViewController.swift */,
			);
			path = ViewModels;
			sourceTree = "<group>";
		};
		11E1D1682D0B222600E16816 /* Views */ = {
			isa = PBXGroup;
			children = (
				11E1D1CE2D0B736900E16816 /* Cells */,
			);
			path = Views;
			sourceTree = "<group>";
		};
		11E1D1692D0B222600E16816 /* CountryDetailController */ = {
			isa = PBXGroup;
			children = (
				11E1D16F2D0B6F5900E16816 /* Models */,
				11E1D1672D0B222600E16816 /* ViewModels */,
				11E1D1682D0B222600E16816 /* Views */,
			);
			path = CountryDetailController;
			sourceTree = "<group>";
		};
		11E1D16F2D0B6F5900E16816 /* Models */ = {
			isa = PBXGroup;
			children = (
				11E1D1702D0B6F6E00E16816 /* CountryDetailProtocol.swift */,
			);
			path = Models;
			sourceTree = "<group>";
		};
		11E1D1CE2D0B736900E16816 /* Cells */ = {
			isa = PBXGroup;
			children = (
				110044CF2D0C7FAD007A3716 /* CountryDetailCollectionCell.swift */,
			);
			path = Cells;
			sourceTree = "<group>";
		};
/* End PBXGroup section */

/* Begin PBXNativeTarget section */
		119EB7922D044D84007833E2 /* CountryAppNetwork */ = {
			isa = PBXNativeTarget;
			buildConfigurationList = 119EB7A62D044D87007833E2 /* Build configuration list for PBXNativeTarget "CountryAppNetwork" */;
			buildPhases = (
				119EB78F2D044D84007833E2 /* Sources */,
				119EB7902D044D84007833E2 /* Frameworks */,
				119EB7912D044D84007833E2 /* Resources */,
			);
			buildRules = (
			);
			dependencies = (
			);
			name = CountryAppNetwork;
			packageProductDependencies = (
				119EB7CC2D044E63007833E2 /* SDWebImage */,
				119EB7D12D045061007833E2 /* SDWebImage */,
			);
			productName = CountryAppNetwork;
			productReference = 119EB7932D044D84007833E2 /* CountryAppNetwork.app */;
			productType = "com.apple.product-type.application";
		};
/* End PBXNativeTarget section */

/* Begin PBXProject section */
		119EB78B2D044D84007833E2 /* Project object */ = {
			isa = PBXProject;
			attributes = {
				BuildIndependentTargetsInParallel = 1;
				LastSwiftUpdateCheck = 1610;
				LastUpgradeCheck = 1610;
				TargetAttributes = {
					119EB7922D044D84007833E2 = {
						CreatedOnToolsVersion = 16.1;
					};
				};
			};
			buildConfigurationList = 119EB78E2D044D84007833E2 /* Build configuration list for PBXProject "CountryAppNetwork" */;
			developmentRegion = en;
			hasScannedForEncodings = 0;
			knownRegions = (
				en,
				Base,
			);
			mainGroup = 119EB78A2D044D84007833E2;
			minimizedProjectReferenceProxies = 1;
			packageReferences = (
				119EB7D02D045061007833E2 /* XCLocalSwiftPackageReference "../../Downloads/SDWebImage-master" */,
			);
			preferredProjectObjectVersion = 77;
			productRefGroup = 119EB7942D044D84007833E2 /* Products */;
			projectDirPath = "";
			projectRoot = "";
			targets = (
				119EB7922D044D84007833E2 /* CountryAppNetwork */,
			);
		};
/* End PBXProject section */

/* Begin PBXResourcesBuildPhase section */
		119EB7912D044D84007833E2 /* Resources */ = {
			isa = PBXResourcesBuildPhase;
			buildActionMask = 2147483647;
			files = (
				119EB8CF2D045B6C007833E2 /* Assets.xcassets in Resources */,
			);
			runOnlyForDeploymentPostprocessing = 0;
		};
/* End PBXResourcesBuildPhase section */

/* Begin PBXSourcesBuildPhase section */
		119EB78F2D044D84007833E2 /* Sources */ = {
			isa = PBXSourcesBuildPhase;
			buildActionMask = 2147483647;
			files = (
				119EB8BD2D045B6C007833E2 /* AppDelegate.swift in Sources */,
				119EB8BE2D045B6C007833E2 /* SceneDelegate.swift in Sources */,
				119EB8BF2D045B6C007833E2 /* Extension.swift in Sources */,
				11E1D16D2D0B225200E16816 /* CountryDetailViewController.swift in Sources */,
				119EB8C02D045B6C007833E2 /* LayoutExtensions.swift in Sources */,
				110044D02D0C7FAD007A3716 /* CountryDetailCollectionCell.swift in Sources */,
				119EB8C12D045B6C007833E2 /* AllCountryAPIService.swift in Sources */,
				119EB8C22D045B6C007833E2 /* AllCountryHelper.swift in Sources */,
				11E1D16B2D0B223A00E16816 /* CountryDetailViewModel.swift in Sources */,
				119EB8C32D045B6C007833E2 /* CoreAPIHelper.swift in Sources */,
				11DC1B2D2D07654800D6402E /* TitleImageProtocol.swift in Sources */,
				119EB8C42D045B6C007833E2 /* CoreAPIManager.swift in Sources */,
				119EB8C52D045B6C007833E2 /* CoreErrorModel.swift in Sources */,
				119EB8C62D045B6C007833E2 /* ReusableButton.swift in Sources */,
				119EB8C72D045B6C007833E2 /* ReusableLabel.swift in Sources */,
				119EB8C82D045B6C007833E2 /* ReusableTextField.swift in Sources */,
				11E1D1712D0B6F6E00E16816 /* CountryDetailProtocol.swift in Sources */,
				119EB8C92D045B6C007833E2 /* BaseViewController.swift in Sources */,
				119EB8CA2D045B6C007833E2 /* CountryDTO.swift in Sources */,
				119EB8CB2D045B6C007833E2 /* CountryController.swift in Sources */,
				119EB8CC2D045B6C007833E2 /* CountryViewModel.swift in Sources */,
				119EB8CD2D045B6C007833E2 /* CountryTableViewCell.swift in Sources */,
				119EB8CE2D045B6C007833E2 /* MainTabBarController.swift in Sources */,
			);
			runOnlyForDeploymentPostprocessing = 0;
		};
/* End PBXSourcesBuildPhase section */

/* Begin XCBuildConfiguration section */
		119EB7A72D044D87007833E2 /* Debug */ = {
			isa = XCBuildConfiguration;
			buildSettings = {
				ASSETCATALOG_COMPILER_APPICON_NAME = AppIcon;
				ASSETCATALOG_COMPILER_GLOBAL_ACCENT_COLOR_NAME = AccentColor;
				CODE_SIGN_STYLE = Automatic;
				CURRENT_PROJECT_VERSION = 1;
				DEVELOPMENT_TEAM = 5V565SJ9S9;
				GENERATE_INFOPLIST_FILE = YES;
				INFOPLIST_FILE = CountryAppNetwork/Info.plist;
				INFOPLIST_KEY_UIApplicationSupportsIndirectInputEvents = YES;
				INFOPLIST_KEY_UILaunchStoryboardName = LaunchScreen;
				INFOPLIST_KEY_UISupportedInterfaceOrientations_iPad = "UIInterfaceOrientationPortrait UIInterfaceOrientationPortraitUpsideDown UIInterfaceOrientationLandscapeLeft UIInterfaceOrientationLandscapeRight";
				INFOPLIST_KEY_UISupportedInterfaceOrientations_iPhone = "UIInterfaceOrientationPortrait UIInterfaceOrientationLandscapeLeft UIInterfaceOrientationLandscapeRight";
				LD_RUNPATH_SEARCH_PATHS = (
					"$(inherited)",
					"@executable_path/Frameworks",
				);
				MARKETING_VERSION = 1.0;
				PRODUCT_BUNDLE_IDENTIFIER = com.example.personal.CountryAppNetwork;
				PRODUCT_NAME = "$(TARGET_NAME)";
				SUPPORTED_PLATFORMS = "iphoneos iphonesimulator";
				SUPPORTS_MACCATALYST = NO;
				SUPPORTS_MAC_DESIGNED_FOR_IPHONE_IPAD = NO;
				SUPPORTS_XR_DESIGNED_FOR_IPHONE_IPAD = NO;
				SWIFT_EMIT_LOC_STRINGS = YES;
				SWIFT_VERSION = 5.0;
				TARGETED_DEVICE_FAMILY = 1;
			};
			name = Debug;
		};
		119EB7A82D044D87007833E2 /* Release */ = {
			isa = XCBuildConfiguration;
			buildSettings = {
				ASSETCATALOG_COMPILER_APPICON_NAME = AppIcon;
				ASSETCATALOG_COMPILER_GLOBAL_ACCENT_COLOR_NAME = AccentColor;
				CODE_SIGN_STYLE = Automatic;
				CURRENT_PROJECT_VERSION = 1;
				DEVELOPMENT_TEAM = 5V565SJ9S9;
				GENERATE_INFOPLIST_FILE = YES;
				INFOPLIST_FILE = CountryAppNetwork/Info.plist;
				INFOPLIST_KEY_UIApplicationSupportsIndirectInputEvents = YES;
				INFOPLIST_KEY_UILaunchStoryboardName = LaunchScreen;
				INFOPLIST_KEY_UISupportedInterfaceOrientations_iPad = "UIInterfaceOrientationPortrait UIInterfaceOrientationPortraitUpsideDown UIInterfaceOrientationLandscapeLeft UIInterfaceOrientationLandscapeRight";
				INFOPLIST_KEY_UISupportedInterfaceOrientations_iPhone = "UIInterfaceOrientationPortrait UIInterfaceOrientationLandscapeLeft UIInterfaceOrientationLandscapeRight";
				LD_RUNPATH_SEARCH_PATHS = (
					"$(inherited)",
					"@executable_path/Frameworks",
				);
				MARKETING_VERSION = 1.0;
				PRODUCT_BUNDLE_IDENTIFIER = com.example.personal.CountryAppNetwork;
				PRODUCT_NAME = "$(TARGET_NAME)";
				SUPPORTED_PLATFORMS = "iphoneos iphonesimulator";
				SUPPORTS_MACCATALYST = NO;
				SUPPORTS_MAC_DESIGNED_FOR_IPHONE_IPAD = NO;
				SUPPORTS_XR_DESIGNED_FOR_IPHONE_IPAD = NO;
				SWIFT_EMIT_LOC_STRINGS = YES;
				SWIFT_VERSION = 5.0;
				TARGETED_DEVICE_FAMILY = 1;
			};
			name = Release;
		};
		119EB7A92D044D87007833E2 /* Debug */ = {
			isa = XCBuildConfiguration;
			buildSettings = {
				ALWAYS_SEARCH_USER_PATHS = NO;
				ASSETCATALOG_COMPILER_GENERATE_SWIFT_ASSET_SYMBOL_EXTENSIONS = YES;
				CLANG_ANALYZER_NONNULL = YES;
				CLANG_ANALYZER_NUMBER_OBJECT_CONVERSION = YES_AGGRESSIVE;
				CLANG_CXX_LANGUAGE_STANDARD = "gnu++20";
				CLANG_ENABLE_MODULES = YES;
				CLANG_ENABLE_OBJC_ARC = YES;
				CLANG_ENABLE_OBJC_WEAK = YES;
				CLANG_WARN_BLOCK_CAPTURE_AUTORELEASING = YES;
				CLANG_WARN_BOOL_CONVERSION = YES;
				CLANG_WARN_COMMA = YES;
				CLANG_WARN_CONSTANT_CONVERSION = YES;
				CLANG_WARN_DEPRECATED_OBJC_IMPLEMENTATIONS = YES;
				CLANG_WARN_DIRECT_OBJC_ISA_USAGE = YES_ERROR;
				CLANG_WARN_DOCUMENTATION_COMMENTS = YES;
				CLANG_WARN_EMPTY_BODY = YES;
				CLANG_WARN_ENUM_CONVERSION = YES;
				CLANG_WARN_INFINITE_RECURSION = YES;
				CLANG_WARN_INT_CONVERSION = YES;
				CLANG_WARN_NON_LITERAL_NULL_CONVERSION = YES;
				CLANG_WARN_OBJC_IMPLICIT_RETAIN_SELF = YES;
				CLANG_WARN_OBJC_LITERAL_CONVERSION = YES;
				CLANG_WARN_OBJC_ROOT_CLASS = YES_ERROR;
				CLANG_WARN_QUOTED_INCLUDE_IN_FRAMEWORK_HEADER = YES;
				CLANG_WARN_RANGE_LOOP_ANALYSIS = YES;
				CLANG_WARN_STRICT_PROTOTYPES = YES;
				CLANG_WARN_SUSPICIOUS_MOVE = YES;
				CLANG_WARN_UNGUARDED_AVAILABILITY = YES_AGGRESSIVE;
				CLANG_WARN_UNREACHABLE_CODE = YES;
				CLANG_WARN__DUPLICATE_METHOD_MATCH = YES;
				COPY_PHASE_STRIP = NO;
				DEBUG_INFORMATION_FORMAT = dwarf;
				ENABLE_STRICT_OBJC_MSGSEND = YES;
				ENABLE_TESTABILITY = YES;
				ENABLE_USER_SCRIPT_SANDBOXING = YES;
				GCC_C_LANGUAGE_STANDARD = gnu17;
				GCC_DYNAMIC_NO_PIC = NO;
				GCC_NO_COMMON_BLOCKS = YES;
				GCC_OPTIMIZATION_LEVEL = 0;
				GCC_PREPROCESSOR_DEFINITIONS = (
					"DEBUG=1",
					"$(inherited)",
				);
				GCC_WARN_64_TO_32_BIT_CONVERSION = YES;
				GCC_WARN_ABOUT_RETURN_TYPE = YES_ERROR;
				GCC_WARN_UNDECLARED_SELECTOR = YES;
				GCC_WARN_UNINITIALIZED_AUTOS = YES_AGGRESSIVE;
				GCC_WARN_UNUSED_FUNCTION = YES;
				GCC_WARN_UNUSED_VARIABLE = YES;
				IPHONEOS_DEPLOYMENT_TARGET = 18.1;
				LOCALIZATION_PREFERS_STRING_CATALOGS = YES;
				MTL_ENABLE_DEBUG_INFO = INCLUDE_SOURCE;
				MTL_FAST_MATH = YES;
				ONLY_ACTIVE_ARCH = YES;
				SDKROOT = iphoneos;
				SWIFT_ACTIVE_COMPILATION_CONDITIONS = "DEBUG $(inherited)";
				SWIFT_OPTIMIZATION_LEVEL = "-Onone";
			};
			name = Debug;
		};
		119EB7AA2D044D87007833E2 /* Release */ = {
			isa = XCBuildConfiguration;
			buildSettings = {
				ALWAYS_SEARCH_USER_PATHS = NO;
				ASSETCATALOG_COMPILER_GENERATE_SWIFT_ASSET_SYMBOL_EXTENSIONS = YES;
				CLANG_ANALYZER_NONNULL = YES;
				CLANG_ANALYZER_NUMBER_OBJECT_CONVERSION = YES_AGGRESSIVE;
				CLANG_CXX_LANGUAGE_STANDARD = "gnu++20";
				CLANG_ENABLE_MODULES = YES;
				CLANG_ENABLE_OBJC_ARC = YES;
				CLANG_ENABLE_OBJC_WEAK = YES;
				CLANG_WARN_BLOCK_CAPTURE_AUTORELEASING = YES;
				CLANG_WARN_BOOL_CONVERSION = YES;
				CLANG_WARN_COMMA = YES;
				CLANG_WARN_CONSTANT_CONVERSION = YES;
				CLANG_WARN_DEPRECATED_OBJC_IMPLEMENTATIONS = YES;
				CLANG_WARN_DIRECT_OBJC_ISA_USAGE = YES_ERROR;
				CLANG_WARN_DOCUMENTATION_COMMENTS = YES;
				CLANG_WARN_EMPTY_BODY = YES;
				CLANG_WARN_ENUM_CONVERSION = YES;
				CLANG_WARN_INFINITE_RECURSION = YES;
				CLANG_WARN_INT_CONVERSION = YES;
				CLANG_WARN_NON_LITERAL_NULL_CONVERSION = YES;
				CLANG_WARN_OBJC_IMPLICIT_RETAIN_SELF = YES;
				CLANG_WARN_OBJC_LITERAL_CONVERSION = YES;
				CLANG_WARN_OBJC_ROOT_CLASS = YES_ERROR;
				CLANG_WARN_QUOTED_INCLUDE_IN_FRAMEWORK_HEADER = YES;
				CLANG_WARN_RANGE_LOOP_ANALYSIS = YES;
				CLANG_WARN_STRICT_PROTOTYPES = YES;
				CLANG_WARN_SUSPICIOUS_MOVE = YES;
				CLANG_WARN_UNGUARDED_AVAILABILITY = YES_AGGRESSIVE;
				CLANG_WARN_UNREACHABLE_CODE = YES;
				CLANG_WARN__DUPLICATE_METHOD_MATCH = YES;
				COPY_PHASE_STRIP = NO;
				DEBUG_INFORMATION_FORMAT = "dwarf-with-dsym";
				ENABLE_NS_ASSERTIONS = NO;
				ENABLE_STRICT_OBJC_MSGSEND = YES;
				ENABLE_USER_SCRIPT_SANDBOXING = YES;
				GCC_C_LANGUAGE_STANDARD = gnu17;
				GCC_NO_COMMON_BLOCKS = YES;
				GCC_WARN_64_TO_32_BIT_CONVERSION = YES;
				GCC_WARN_ABOUT_RETURN_TYPE = YES_ERROR;
				GCC_WARN_UNDECLARED_SELECTOR = YES;
				GCC_WARN_UNINITIALIZED_AUTOS = YES_AGGRESSIVE;
				GCC_WARN_UNUSED_FUNCTION = YES;
				GCC_WARN_UNUSED_VARIABLE = YES;
				IPHONEOS_DEPLOYMENT_TARGET = 18.1;
				LOCALIZATION_PREFERS_STRING_CATALOGS = YES;
				MTL_ENABLE_DEBUG_INFO = NO;
				MTL_FAST_MATH = YES;
				SDKROOT = iphoneos;
				SWIFT_COMPILATION_MODE = wholemodule;
				VALIDATE_PRODUCT = YES;
			};
			name = Release;
		};
/* End XCBuildConfiguration section */

/* Begin XCConfigurationList section */
		119EB78E2D044D84007833E2 /* Build configuration list for PBXProject "CountryAppNetwork" */ = {
			isa = XCConfigurationList;
			buildConfigurations = (
				119EB7A92D044D87007833E2 /* Debug */,
				119EB7AA2D044D87007833E2 /* Release */,
			);
			defaultConfigurationIsVisible = 0;
			defaultConfigurationName = Release;
		};
		119EB7A62D044D87007833E2 /* Build configuration list for PBXNativeTarget "CountryAppNetwork" */ = {
			isa = XCConfigurationList;
			buildConfigurations = (
				119EB7A72D044D87007833E2 /* Debug */,
				119EB7A82D044D87007833E2 /* Release */,
			);
			defaultConfigurationIsVisible = 0;
			defaultConfigurationName = Release;
		};
/* End XCConfigurationList section */

/* Begin XCLocalSwiftPackageReference section */
		119EB7D02D045061007833E2 /* XCLocalSwiftPackageReference "../../Downloads/SDWebImage-master" */ = {
			isa = XCLocalSwiftPackageReference;
			relativePath = "../../Downloads/SDWebImage-master";
		};
/* End XCLocalSwiftPackageReference section */

/* Begin XCSwiftPackageProductDependency section */
		119EB7CC2D044E63007833E2 /* SDWebImage */ = {
			isa = XCSwiftPackageProductDependency;
			productName = SDWebImage;
		};
		119EB7D12D045061007833E2 /* SDWebImage */ = {
			isa = XCSwiftPackageProductDependency;
			productName = SDWebImage;
		};
/* End XCSwiftPackageProductDependency section */
	};
	rootObject = 119EB78B2D044D84007833E2 /* Project object */;
}
